GIT
  remote: https://github.com/jasl/wx_pay.git
  revision: 8dcedf14c391f865b5107cf2fb5d90cb81409e4b
  specs:
    wx_pay (0.21.0)
      activesupport (>= 3.2)
      rest-client (>= 2.0.0)

GIT
  remote: https://github.com/qinmingyuan/alipay2.git
  revision: cb4827ab516d064458c40ebaef4aa796bedbb157
  specs:
    alipay2 (2.0)

GIT
  remote: https://github.com/qinmingyuan/default_form.git
  revision: 699c6867b73fa56229cea6f69a431be278bda341
  specs:
    default_form (1.5.1)
      rails_com (~> 1.2)

GIT
  remote: https://github.com/qinmingyuan/default_where.git
  revision: e2085480367e97f9786b851134ee87fa06d78125
  specs:
    default_where (2.2.3)
      activerecord (>= 4.0, <= 6.1)

GIT
  remote: https://github.com/qinmingyuan/omniauth-wechat-oauth2.git
  revision: 3391e65ce1e58a589ae2cdf6d280399c1ff68a9a
  specs:
    omniauth-wechat-oauth2 (0.1.0)
      omniauth-oauth2 (~> 1.5)

GIT
  remote: https://github.com/qinmingyuan/upyun_rails.git
  revision: 4a6a7e77a6f7b2a5100a5eede83170e5de79312f
  specs:
    upyun_rails (0.1.0)
      activestorage
      rest-client

GIT
  remote: https://github.com/rails/rails.git
  revision: 9492339979e94570dee00d071be0ef255065837a
  specs:
    actioncable (6.1.0.alpha)
      actionpack (= 6.1.0.alpha)
      activesupport (= 6.1.0.alpha)
      nio4r (~> 2.0)
      websocket-driver (>= 0.6.1)
    actionmailbox (6.1.0.alpha)
      actionpack (= 6.1.0.alpha)
      activejob (= 6.1.0.alpha)
      activerecord (= 6.1.0.alpha)
      activestorage (= 6.1.0.alpha)
      activesupport (= 6.1.0.alpha)
      mail (>= 2.7.1)
    actionmailer (6.1.0.alpha)
      actionpack (= 6.1.0.alpha)
      actionview (= 6.1.0.alpha)
      activejob (= 6.1.0.alpha)
      activesupport (= 6.1.0.alpha)
      mail (~> 2.5, >= 2.5.4)
      rails-dom-testing (~> 2.0)
    actionpack (6.1.0.alpha)
      actionview (= 6.1.0.alpha)
      activesupport (= 6.1.0.alpha)
      rack (~> 2.0, >= 2.0.9)
      rack-test (>= 0.6.3)
      rails-dom-testing (~> 2.0)
      rails-html-sanitizer (~> 1.0, >= 1.2.0)
    actiontext (6.1.0.alpha)
      actionpack (= 6.1.0.alpha)
      activerecord (= 6.1.0.alpha)
      activestorage (= 6.1.0.alpha)
      activesupport (= 6.1.0.alpha)
      nokogiri (>= 1.8.5)
    actionview (6.1.0.alpha)
      activesupport (= 6.1.0.alpha)
      builder (~> 3.1)
      erubi (~> 1.4)
      rails-dom-testing (~> 2.0)
      rails-html-sanitizer (~> 1.1, >= 1.2.0)
    activejob (6.1.0.alpha)
      activesupport (= 6.1.0.alpha)
      globalid (>= 0.3.6)
    activemodel (6.1.0.alpha)
      activesupport (= 6.1.0.alpha)
    activerecord (6.1.0.alpha)
      activemodel (= 6.1.0.alpha)
      activesupport (= 6.1.0.alpha)
    activestorage (6.1.0.alpha)
      actionpack (= 6.1.0.alpha)
      activejob (= 6.1.0.alpha)
      activerecord (= 6.1.0.alpha)
      activesupport (= 6.1.0.alpha)
      marcel (~> 0.3.1)
      mimemagic (~> 0.3.2)
    activesupport (6.1.0.alpha)
      concurrent-ruby (~> 1.0, >= 1.0.2)
      i18n (>= 1.6, < 2)
      minitest (>= 5.1)
      tzinfo (~> 2.0)
      zeitwerk (~> 2.3)
    rails (6.1.0.alpha)
      actioncable (= 6.1.0.alpha)
      actionmailbox (= 6.1.0.alpha)
      actionmailer (= 6.1.0.alpha)
      actionpack (= 6.1.0.alpha)
      actiontext (= 6.1.0.alpha)
      actionview (= 6.1.0.alpha)
      activejob (= 6.1.0.alpha)
      activemodel (= 6.1.0.alpha)
      activerecord (= 6.1.0.alpha)
      activestorage (= 6.1.0.alpha)
      activesupport (= 6.1.0.alpha)
      bundler (>= 1.15.0)
      railties (= 6.1.0.alpha)
      sprockets-rails (>= 2.0.0)
    railties (6.1.0.alpha)
      actionpack (= 6.1.0.alpha)
      activesupport (= 6.1.0.alpha)
      method_source
      rake (>= 0.8.7)
      thor (~> 1.0)

GIT
  remote: https://github.com/work-design/rails_agency.git
  revision: c270f5a1d9c5544fbf4c38c99bd4602d7e5864ec
  specs:
    rails_agency (0.1.0)
      rails_com (~> 1.2)
      rails_profile

GIT
  remote: https://github.com/work-design/rails_attend.git
  revision: 0ae58ba0d09a0d746046225b1fb968514c51fa4f
  specs:
    rails_attend (0.1.0)
      rails_com (~> 1.2)

GIT
  remote: https://github.com/work-design/rails_audit.git
  revision: 9473a0a330e26c122d9bbb7edff641666853decd
  specs:
    rails_audit (1.0.3)
      rails_com (~> 1.2)

GIT
  remote: https://github.com/work-design/rails_auth.git
  revision: b339caca2dedef70b7235194884a7dacc4d060cc
  specs:
    rails_auth (1.0.6)
      bcrypt (~> 3.1)
      jwt (>= 2.0, <= 3.0)
      rails_com (~> 1.2)

GIT
  remote: https://github.com/work-design/rails_bench.git
  revision: f18eedd372da4a7e9d4333601ceab2049f74bd0c
  specs:
    rails_bench (0.1.0)
      rails_com (~> 1.2)
      rails_finance
      rails_org

GIT
  remote: https://github.com/work-design/rails_com.git
  revision: f8a2e2b19b57c3d669730a4c4faa0aa014f79c48
  specs:
    rails_com (1.2.9)
      acme-client
      default_where (~> 2.2)
      http-form_data (~> 2.2)
      httpx (~> 0.8)
      kaminari
      rails (~> 6.0)

GIT
  remote: https://github.com/work-design/rails_crm.git
  revision: 9c23570854ab7a5063a8c5d9132fb5916b27e950
  specs:
    rails_crm (0.1.0)
      rails_com (~> 1.2)

GIT
  remote: https://github.com/work-design/rails_data.git
  revision: ee243fad130037d2c88ac41035cc8565ce60dd50
  specs:
    rails_data (1.0.2)
      prawn (~> 2.2)
      prawn-table (~> 0.2)
      rails_com (~> 1.2)
      roo (~> 2.7)
      roo-xls (~> 1.2)
      write_xlsx (~> 0.83.0)

GIT
  remote: https://github.com/work-design/rails_detail.git
  revision: 8f872ea4f3849e3a511d8b9c7506a3a187ab492b
  specs:
    rails_detail (0.0.1)
      rails_com (~> 1.2)

GIT
  remote: https://github.com/work-design/rails_event.git
  revision: 376f8626c6d81fd96a38515d3bf2ec72e0cc666d
  specs:
    rails_event (0.1.1)
      rails_com (~> 1.2)

GIT
  remote: https://github.com/work-design/rails_factory.git
  revision: b2edc25a089c5dede6cf64751495840d13da3f67
  specs:
    rails_factory (1.0.0)
      rails_com (~> 1.2)
      rails_taxon (~> 1.0)

GIT
  remote: https://github.com/work-design/rails_finance.git
  revision: cfa23de6a61edf300b92f30167f11ef7449a7f25
  specs:
    rails_finance (0.1.0)
      rails_audit
      rails_com (~> 1.2)

GIT
  remote: https://github.com/work-design/rails_growth.git
  revision: e45fff996a8c1d208abbdc0cb4064b86a63efb63
  specs:
    rails_growth (0.1.0)
      rails_com (~> 1.2)

GIT
  remote: https://github.com/work-design/rails_interact.git
  revision: ed32237f54b4602841abbf911771177614721657
  specs:
    rails_interact (0.1.0)
      rails_com (~> 1.2)
      rails_notice (>= 0.1)
      rails_taxon (>= 0.1)

GIT
  remote: https://github.com/work-design/rails_log.git
  revision: f9271c891b72110da67c3331b69268c755b13719
  specs:
    rails_log (2.1.6)
      rails_com (~> 1.2)

GIT
  remote: https://github.com/work-design/rails_notice.git
  revision: f5879735e0c79f0b726c8f0585643d21095afb75
  specs:
    rails_notice (1.0.2)
      rails_auth
      rails_com (~> 1.2)

GIT
  remote: https://github.com/work-design/rails_org.git
  revision: f7ee110150d16a48e995b10921bc662499ac2283
  specs:
    rails_org (0.1)
      rails_auth
      rails_com (~> 1.2)
      rails_notice
      rails_profile
      rails_taxon

GIT
  remote: https://github.com/work-design/rails_profile.git
  revision: afe106ccc5da53c78e47a72a47d65ad3a06d2559
  specs:
    rails_profile (0.1.0)
      rails_com (~> 1.2)
      rails_taxon

GIT
  remote: https://github.com/work-design/rails_quip.git
  revision: ecfddb63d806846c0863b5e8f1e2c701eb7e7c2f
  specs:
    rails_quip (0.1.0)
      httpx
      rails_com (~> 1.2)
      rails_detail

GIT
  remote: https://github.com/work-design/rails_role.git
  revision: 310fffbb03a6ab51e9c43165d193f1eae7bc2200
  specs:
    rails_role (1.0.3)
      rails_com (~> 1.2)

GIT
  remote: https://github.com/work-design/rails_ship.git
  revision: b09279f428034525fadd83f33bdeedd0a2d5c2bc
  specs:
    rails_ship (0.1.0)
      rails_com (~> 1.2)
      rails_trade

GIT
  remote: https://github.com/work-design/rails_taxon.git
  revision: c98343e5b32984473101be2001d4202736540712
  specs:
    rails_taxon (1.0.0)
      acts_as_list (>= 1.0)
      closure_tree (>= 7.2)
      rails_com (~> 1.2)

GIT
  remote: https://github.com/work-design/rails_trade.git
  revision: 7810a9e411df1d054c99b7ec87685f8b116c7412
  specs:
    rails_trade (0.0.2)
      money-rails (~> 1.12)
      rails_com (~> 1.2)

GIT
  remote: https://github.com/work-design/rails_vip.git
  revision: c3aca4645fd11878133d92dcc90102e95ac93782
  specs:
    rails_vip (0.1.0)
      rails_com (~> 1.2)
      rails_trade

GIT
  remote: https://github.com/work-design/rails_wait.git
  revision: 2e7defa50bed47399d29c71a5b2ab59425313174
  specs:
    rails_wait (0.1.0)
      rails_com (~> 1.2)

GIT
  remote: https://github.com/work-design/rails_wechat.git
  revision: 283b749051ab2fe0e5c1076b2b885f1be9d6ccac
  specs:
    rails_wechat (0.1.0)
      rails_auth
      rails_com (~> 1.2)
      rqrcode

GEM
  remote: https://rubygems.org/
  specs:
    acme-client (2.0.7)
      faraday (>= 0.17, < 2.0.0)
    acts_as_list (1.0.2)
      activerecord (>= 4.2)
    addressable (2.7.0)
      public_suffix (>= 2.0.2, < 5.0)
    amazing_print (1.2.1)
    bcrypt (3.1.16)
    bindex (0.8.1)
    binding_of_caller (0.8.0)
      debug_inspector (>= 0.0.1)
    bootsnap (1.4.8)
      msgpack (~> 1.0)
    builder (3.2.4)
    byebug (11.1.3)
    capybara (3.33.0)
      addressable
      mini_mime (>= 0.1.3)
      nokogiri (~> 1.8)
      rack (>= 1.6.0)
      rack-test (>= 0.6.3)
      regexp_parser (~> 1.5)
      xpath (~> 3.2)
    childprocess (3.0.0)
    chunky_png (1.3.12)
    closure_tree (7.2.0)
      activerecord (>= 4.2.10)
      with_advisory_lock (>= 4.0.0)
    coderay (1.1.3)
    concurrent-ruby (1.1.7)
    connection_pool (2.2.3)
    crass (1.0.6)
    dalli (2.7.10)
    debug_inspector (0.0.3)
    domain_name (0.5.20190701)
      unf (>= 0.0.5, < 1.0.0)
    erubi (1.9.0)
    factory_bot (6.1.0)
      activesupport (>= 5.0.0)
    factory_bot_rails (6.1.0)
      factory_bot (~> 6.1.0)
      railties (>= 5.0.0)
    faraday (1.0.1)
      multipart-post (>= 1.2, < 3)
    ffi (1.13.1)
    globalid (0.4.2)
      activesupport (>= 4.2.0)
    hashie (4.1.0)
    http-2-next (0.2.6)
    http-accept (1.7.0)
    http-cookie (1.0.3)
      domain_name (~> 0.5)
    http-form_data (2.3.0)
    httpx (0.8.2)
      http-2-next (>= 0.1.2)
      timers
    i18n (1.8.5)
      concurrent-ruby (~> 1.0)
    image_processing (1.12.0)
      mini_magick (>= 4.9.5, < 5)
      ruby-vips (>= 2.0.17, < 3)
    jbuilder (2.10.1)
      activesupport (>= 5.0.0)
    jwt (2.2.2)
    kaminari (1.2.1)
      activesupport (>= 4.1.0)
      kaminari-actionview (= 1.2.1)
      kaminari-activerecord (= 1.2.1)
      kaminari-core (= 1.2.1)
    kaminari-actionview (1.2.1)
      actionview
      kaminari-core (= 1.2.1)
    kaminari-activerecord (1.2.1)
      activerecord
      kaminari-core (= 1.2.1)
    kaminari-core (1.2.1)
    kramdown (2.3.0)
      rexml
    listen (3.2.1)
      rb-fsevent (~> 0.10, >= 0.10.3)
      rb-inotify (~> 0.9, >= 0.9.10)
    loofah (2.7.0)
      crass (~> 1.0.2)
      nokogiri (>= 1.5.9)
    mail (2.7.1)
      mini_mime (>= 0.1.1)
    marcel (0.3.3)
      mimemagic (~> 0.3.2)
    method_source (1.0.0)
    mime-types (3.3.1)
      mime-types-data (~> 3.2015)
    mime-types-data (3.2020.0512)
    mimemagic (0.3.5)
    mini_magick (4.10.1)
    mini_mime (1.0.2)
    mini_portile2 (2.4.0)
    minitest (5.14.2)
    monetize (1.9.4)
      money (~> 6.12)
    money (6.13.8)
      i18n (>= 0.6.4, <= 2)
    money-rails (1.13.3)
      activesupport (>= 3.0)
      monetize (~> 1.9.0)
      money (~> 6.13.2)
      railties (>= 3.0)
    msgpack (1.3.3)
    multi_json (1.15.0)
    multi_xml (0.6.0)
    multipart-post (2.1.1)
    netrc (0.11.0)
    nio4r (2.5.4)
    nokogiri (1.10.10)
      mini_portile2 (~> 2.4.0)
    oauth2 (1.4.4)
      faraday (>= 0.8, < 2.0)
      jwt (>= 1.0, < 3.0)
      multi_json (~> 1.3)
      multi_xml (~> 0.5)
      rack (>= 1.2, < 3)
    octokit (4.18.0)
      faraday (>= 0.9)
      sawyer (~> 0.8.0, >= 0.5.3)
    omniauth (1.9.1)
      hashie (>= 3.4.6)
      rack (>= 1.6.2, < 3)
    omniauth-github (1.4.0)
      omniauth (~> 1.5)
      omniauth-oauth2 (>= 1.4.0, < 2.0)
    omniauth-oauth2 (1.7.0)
      oauth2 (~> 1.4)
      omniauth (~> 1.9)
    paypal-sdk-core (0.3.4)
      multi_json (~> 1.0)
      xml-simple
    paypal-sdk-rest (1.7.4)
      multi_json (~> 1.0)
      xml-simple
    pdf-core (0.8.1)
    pg (1.2.3)
    prawn (2.3.0)
      pdf-core (~> 0.8.1)
      ttfunk (~> 1.6)
    prawn-table (0.2.2)
      prawn (>= 1.3.0, < 3.0.0)
    pry (0.13.1)
      coderay (~> 1.1)
      method_source (~> 1.0)
    pry-rails (0.3.9)
      pry (>= 0.10.4)
    pry-stack_explorer (0.5.1)
      binding_of_caller (~> 0.7)
      pry (~> 0.13)
    public_suffix (4.0.6)
    puma (5.0.0)
      nio4r (~> 2.0)
    rack (2.2.3)
    rack-proxy (0.6.5)
      rack
    rack-test (1.1.0)
      rack (>= 1.0, < 3)
    rails-dom-testing (2.0.3)
      activesupport (>= 4.2.0)
      nokogiri (>= 1.6)
    rails-html-sanitizer (1.3.0)
      loofah (~> 2.3)
    rake (13.0.1)
    rb-fsevent (0.10.4)
    rb-inotify (0.10.1)
      ffi (~> 1.0)
    redis (4.2.2)
    regexp_parser (1.8.0)
    rest-client (2.1.0)
      http-accept (>= 1.7.0, < 2.0)
      http-cookie (>= 1.0.2, < 2.0)
      mime-types (>= 1.16, < 4.0)
      netrc (~> 0.8)
    rexml (3.2.4)
    roo (2.8.3)
      nokogiri (~> 1)
      rubyzip (>= 1.3.0, < 3.0.0)
    roo-xls (1.2.0)
      nokogiri
      roo (>= 2.0.0, < 3)
      spreadsheet (> 0.9.0)
    rqrcode (1.1.2)
      chunky_png (~> 1.0)
      rqrcode_core (~> 0.1)
    rqrcode_core (0.1.2)
    ruby-ole (1.2.12.2)
    ruby-vips (2.0.17)
      ffi (~> 1.9)
    rubyzip (2.3.0)
    rucaptcha (2.5.3)
      railties (>= 3.2)
    sawyer (0.8.2)
      addressable (>= 2.3.5)
      faraday (> 0.8, < 2.0)
    selenium-webdriver (3.142.7)
      childprocess (>= 0.5, < 4.0)
      rubyzip (>= 1.2.2)
    semantic_range (2.3.0)
    sidekiq (6.1.2)
      connection_pool (>= 2.2.2)
      rack (~> 2.0)
      redis (>= 4.2.0)
    spreadsheet (1.2.6)
      ruby-ole (>= 1.0)
    spring (2.1.1)
    spring-watcher-listen (2.0.1)
      listen (>= 2.7, < 4.0)
      spring (>= 1.2, < 3.0)
    sprockets (4.0.2)
      concurrent-ruby (~> 1.0)
      rack (> 1, < 3)
    sprockets-rails (3.2.2)
      actionpack (>= 4.0)
      activesupport (>= 4.0)
      sprockets (>= 3.0.0)
    thor (1.0.1)
    timers (4.3.2)
    ttfunk (1.6.2.1)
    turbolinks (5.2.1)
      turbolinks-source (~> 5.2)
    turbolinks-source (5.2.0)
    tzinfo (2.0.2)
      concurrent-ruby (~> 1.0)
    unf (0.1.4)
      unf_ext
    unf_ext (0.0.7.7)
    web-console (4.0.4)
      actionview (>= 6.0.0)
      activemodel (>= 6.0.0)
      bindex (>= 0.4.0)
      railties (>= 6.0.0)
    webpacker (5.2.1)
      activesupport (>= 5.2)
      rack-proxy (>= 0.6.1)
      railties (>= 5.2)
      semantic_range (>= 2.3.0)
    websocket-driver (0.7.3)
      websocket-extensions (>= 0.1.0)
    websocket-extensions (0.1.5)
    with_advisory_lock (4.6.0)
      activerecord (>= 4.2)
    write_xlsx (0.83.0)
      rubyzip (>= 1.0.0)
      zip-zip
    xml-simple (1.1.5)
    xpath (3.2.0)
      nokogiri (~> 1.8)
    zeitwerk (2.4.0)
    zip-zip (0.3)
      rubyzip (>= 1.0.0)

PLATFORMS
  ruby

DEPENDENCIES
  acts_as_list
  alipay2!
  amazing_print
  bcrypt
  bootsnap (>= 1.1.0)
  byebug
  capybara
  dalli
  default_form!
  default_where!
  factory_bot_rails
  image_processing
  jbuilder
  kaminari
  kramdown
  listen
  octokit
  omniauth-github
  omniauth-wechat-oauth2!
  paypal-sdk-core
  paypal-sdk-rest
  pg
  pry-rails
  pry-stack_explorer
  puma
  rails!
  rails_agency!
  rails_attend!
  rails_audit!
  rails_auth!
  rails_bench!
  rails_com!
  rails_crm!
  rails_data!
  rails_detail!
  rails_event!
  rails_factory!
  rails_finance!
  rails_growth!
  rails_interact!
  rails_log!
  rails_notice!
  rails_org!
  rails_profile!
  rails_quip!
  rails_role!
  rails_ship!
  rails_taxon!
  rails_trade!
  rails_vip!
  rails_wait!
  rails_wechat!
  redis
  rqrcode
  rucaptcha
  selenium-webdriver
  sidekiq
  spring
  spring-watcher-listen (~> 2.0.0)
  turbolinks
  upyun_rails!
  web-console
  webpacker
  wx_pay!

BUNDLED WITH
   2.1.4
