GIT
  remote: https://github.com/jasl/wx_pay.git
  revision: 444c2b844e99b505147a91ffa1e2f302d69ef7db
  specs:
    wx_pay (0.20.1)
      activesupport (>= 3.2)
      rest-client (>= 2.0.0)

GIT
  remote: https://github.com/qinmingyuan/activestorage_upyun.git
  revision: e886d97edbdc670c37532bb3b266b80ee35987fc
  specs:
    activestorage_upyun (0.6.0)
      activestorage
      upyun (~> 1.0.8)

GIT
  remote: https://github.com/qinmingyuan/alipay2.git
  revision: cb4827ab516d064458c40ebaef4aa796bedbb157
  specs:
    alipay2 (2.0)

GIT
  remote: https://github.com/qinmingyuan/closure_tree.git
  revision: 32eb6a4c362be483845d279cfdd021286cd511db
  specs:
    closure_tree (7.0.0)
      activerecord (>= 4.2.10)
      with_advisory_lock (>= 4.0.0)

GIT
  remote: https://github.com/qinmingyuan/default_form.git
  revision: dcd50bf3e14c0104ff1c9dd4b5d10b3ca3d34499
  specs:
    default_form (1.5.1)
      rails_com (~> 1.2)

GIT
  remote: https://github.com/qinmingyuan/default_where.git
  revision: c965b22763d7b3e6446b942d7e98c3ad67058d6b
  specs:
    default_where (2.2.3)
      activerecord (>= 4.0, <= 6.1)

GIT
  remote: https://github.com/qinmingyuan/omniauth-wechat-oauth2.git
  revision: 3391e65ce1e58a589ae2cdf6d280399c1ff68a9a
  specs:
    omniauth-wechat-oauth2 (0.1.0)
      omniauth-oauth2 (~> 1.5)

GIT
  remote: https://github.com/work-design/rails_agency.git
  revision: 1ec245150c2bc3a92d254a0ce986315bd7d9d8c8
  specs:
    rails_agency (0.1.0)
      rails_com (~> 1.2)
      rails_profile

GIT
  remote: https://github.com/work-design/rails_attend.git
  revision: ce9e9467d60ef498ba648e3ae853f66a04bb4783
  specs:
    rails_attend (0.1.0)
      rails_com (~> 1.2)

GIT
  remote: https://github.com/work-design/rails_audit.git
  revision: c3256bd8c36dcb8bafd291f610d1ef9ea83f63e1
  specs:
    rails_audit (1.0.3)
      rails_com (~> 1.2)

GIT
  remote: https://github.com/work-design/rails_auth.git
  revision: 5a1671d1931f843e973f13ed63736840410c4add
  specs:
    rails_auth (1.0.6)
      bcrypt (~> 3.1)
      jwt (>= 2.0, <= 3.0)
      rails_com (~> 1.2)

GIT
  remote: https://github.com/work-design/rails_bench.git
  revision: ca8be93c543edbb749e67c0a22352985d6805f22
  specs:
    rails_bench (0.1.0)
      rails_com (~> 1.2)

GIT
  remote: https://github.com/work-design/rails_com.git
  revision: 317f1b19ea85286116c78293d9f2ce41ad3a75c5
  specs:
    rails_com (1.2.9)
      default_where (~> 2.2)
      http-form_data (~> 2.2)
      httpx (~> 0.8)
      kaminari
      rails (~> 6.0)

GIT
  remote: https://github.com/work-design/rails_crm.git
  revision: cb43dac66a9b040b9e63e15271ae3410a7b4d186
  specs:
    rails_crm (0.1.0)
      rails_com (~> 1.2)

GIT
  remote: https://github.com/work-design/rails_data.git
  revision: 29ef67d7375b0349c5a52ba8d33da375bbb729d8
  specs:
    rails_data (1.0.2)
      prawn (~> 2.2)
      prawn-table (~> 0.2)
      rails_com (~> 1.2)
      roo (~> 2.7)
      roo-xls (~> 1.2)
      write_xlsx (~> 0.83.0)

GIT
  remote: https://github.com/work-design/rails_detail.git
  revision: e267b345354cc752d05ad4fc1101b7e39688209d
  specs:
    rails_detail (0.0.1)
      rails_com (~> 1.2)

GIT
  remote: https://github.com/work-design/rails_event.git
  revision: 35a88cad0013e5aa658114c2352a54fa8ea5400f
  specs:
    rails_event (0.1.1)
      rails_com (~> 1.2)

GIT
  remote: https://github.com/work-design/rails_factory.git
  revision: 15e504f644f85940cdeb5487c88f9aeaa612b63f
  specs:
    rails_factory (1.0.0)
      rails_com (~> 1.2)
      rails_taxon (~> 1.0)

GIT
  remote: https://github.com/work-design/rails_finance.git
  revision: 5b98d739edb7950b8c1d0300443e3758ffd8fcac
  specs:
    rails_finance (0.1.0)
      rails_com (~> 1.2)

GIT
  remote: https://github.com/work-design/rails_growth.git
  revision: e45fff996a8c1d208abbdc0cb4064b86a63efb63
  specs:
    rails_growth (0.1.0)
      rails_com (~> 1.2)

GIT
  remote: https://github.com/work-design/rails_interact.git
  revision: ed32237f54b4602841abbf911771177614721657
  specs:
    rails_interact (0.1.0)
      rails_com (~> 1.2)
      rails_notice (>= 0.1)
      rails_taxon (>= 0.1)

GIT
  remote: https://github.com/work-design/rails_log.git
  revision: f050f03a54a460767e453e87b259055687f7f8a0
  specs:
    rails_log (2.1.6)
      rails_com (~> 1.2)

GIT
  remote: https://github.com/work-design/rails_notice.git
  revision: 54933d098afb7fb0cf54b102e120a77571eee3ae
  specs:
    rails_notice (1.0.2)
      rails_auth
      rails_com (~> 1.2)

GIT
  remote: https://github.com/work-design/rails_org.git
  revision: dbda2b8ebc4c386ad03615ce7e72f65128ba0062
  specs:
    rails_org (0.1)
      rails_auth
      rails_com (~> 1.2)
      rails_profile
      rails_taxon

GIT
  remote: https://github.com/work-design/rails_profile.git
  revision: d87de0f1dcd553cb84b6d49f15b2244d3401303f
  specs:
    rails_profile (0.1.0)
      rails_com (~> 1.2)
      rails_taxon

GIT
  remote: https://github.com/work-design/rails_quip.git
  revision: a927207c5616cc6816aa89de3594014f06b99e3b
  specs:
    rails_quip (0.1.0)
      httpx
      rails_com (~> 1.2)
      rails_detail

GIT
  remote: https://github.com/work-design/rails_role.git
  revision: 8eee0eed8acef76a776eaf29b63d90270edf77b8
  specs:
    rails_role (1.0.3)
      rails_com (~> 1.2)

GIT
  remote: https://github.com/work-design/rails_ship.git
  revision: b09279f428034525fadd83f33bdeedd0a2d5c2bc
  specs:
    rails_ship (0.1.0)
      rails_com (~> 1.2)
      rails_trade

GIT
  remote: https://github.com/work-design/rails_taxon.git
  revision: 28217655786b35e7893fd8ae19b058d4adce02bd
  specs:
    rails_taxon (1.0.0)
      acts_as_list (>= 1.0)
      closure_tree (>= 6.6, <= 7.1)
      rails_com (~> 1.2)

GIT
  remote: https://github.com/work-design/rails_trade.git
  revision: 3d31b32e94a9a34a16ef8088ccdde5d8dbbdd54a
  specs:
    rails_trade (0.0.2)
      money-rails (~> 1.12)
      rails_com (~> 1.2)

GIT
  remote: https://github.com/work-design/rails_vip.git
  revision: 36fbfa956eb6f9ee19fe67513f004b2e872a3f2c
  specs:
    rails_vip (0.1.0)
      rails_com (~> 1.2)
      rails_trade

GIT
  remote: https://github.com/work-design/rails_wait.git
  revision: 2e7defa50bed47399d29c71a5b2ab59425313174
  specs:
    rails_wait (0.1.0)
      rails_com (~> 1.2)

GIT
  remote: https://github.com/work-design/rails_wechat.git
  revision: a191e8e1a89f2443a51cb0c0e866c7f9afe03544
  specs:
    rails_wechat (0.1.0)
      rails_auth
      rails_com (~> 1.2)

GEM
  remote: https://rubygems.org/
  specs:
    actioncable (6.0.3.2)
      actionpack (= 6.0.3.2)
      nio4r (~> 2.0)
      websocket-driver (>= 0.6.1)
    actionmailbox (6.0.3.2)
      actionpack (= 6.0.3.2)
      activejob (= 6.0.3.2)
      activerecord (= 6.0.3.2)
      activestorage (= 6.0.3.2)
      activesupport (= 6.0.3.2)
      mail (>= 2.7.1)
    actionmailer (6.0.3.2)
      actionpack (= 6.0.3.2)
      actionview (= 6.0.3.2)
      activejob (= 6.0.3.2)
      mail (~> 2.5, >= 2.5.4)
      rails-dom-testing (~> 2.0)
    actionpack (6.0.3.2)
      actionview (= 6.0.3.2)
      activesupport (= 6.0.3.2)
      rack (~> 2.0, >= 2.0.8)
      rack-test (>= 0.6.3)
      rails-dom-testing (~> 2.0)
      rails-html-sanitizer (~> 1.0, >= 1.2.0)
    actiontext (6.0.3.2)
      actionpack (= 6.0.3.2)
      activerecord (= 6.0.3.2)
      activestorage (= 6.0.3.2)
      activesupport (= 6.0.3.2)
      nokogiri (>= 1.8.5)
    actionview (6.0.3.2)
      activesupport (= 6.0.3.2)
      builder (~> 3.1)
      erubi (~> 1.4)
      rails-dom-testing (~> 2.0)
      rails-html-sanitizer (~> 1.1, >= 1.2.0)
    activejob (6.0.3.2)
      activesupport (= 6.0.3.2)
      globalid (>= 0.3.6)
    activemodel (6.0.3.2)
      activesupport (= 6.0.3.2)
    activerecord (6.0.3.2)
      activemodel (= 6.0.3.2)
      activesupport (= 6.0.3.2)
    activestorage (6.0.3.2)
      actionpack (= 6.0.3.2)
      activejob (= 6.0.3.2)
      activerecord (= 6.0.3.2)
      marcel (~> 0.3.1)
    activesupport (6.0.3.2)
      concurrent-ruby (~> 1.0, >= 1.0.2)
      i18n (>= 0.7, < 2)
      minitest (~> 5.1)
      tzinfo (~> 1.1)
      zeitwerk (~> 2.2, >= 2.2.2)
    acts_as_list (1.0.1)
      activerecord (>= 4.2)
    addressable (2.7.0)
      public_suffix (>= 2.0.2, < 5.0)
    amazing_print (1.2.1)
    bcrypt (3.1.13)
    bindex (0.8.1)
    binding_of_caller (0.8.0)
      debug_inspector (>= 0.0.1)
    bootsnap (1.4.6)
      msgpack (~> 1.0)
    builder (3.2.4)
    byebug (11.1.3)
    capybara (3.33.0)
      addressable
      mini_mime (>= 0.1.3)
      nokogiri (~> 1.8)
      rack (>= 1.6.0)
      rack-test (>= 0.6.3)
      regexp_parser (~> 1.5)
      xpath (~> 3.2)
    childprocess (3.0.0)
    chunky_png (1.3.11)
    coderay (1.1.3)
    concurrent-ruby (1.1.6)
    connection_pool (2.2.3)
    crass (1.0.6)
    dalli (2.7.10)
    debug_inspector (0.0.3)
    domain_name (0.5.20190701)
      unf (>= 0.0.5, < 1.0.0)
    erubi (1.9.0)
    factory_bot (6.0.2)
      activesupport (>= 5.0.0)
    factory_bot_rails (6.0.0)
      factory_bot (~> 6.0.0)
      railties (>= 5.0.0)
    faraday (1.0.1)
      multipart-post (>= 1.2, < 3)
    ffi (1.13.1)
    globalid (0.4.2)
      activesupport (>= 4.2.0)
    hashie (4.1.0)
    http-2-next (0.2.6)
    http-accept (1.7.0)
    http-cookie (1.0.3)
      domain_name (~> 0.5)
    http-form_data (2.3.0)
    httpx (0.8.2)
      http-2-next (>= 0.1.2)
      timers
    i18n (1.8.3)
      concurrent-ruby (~> 1.0)
    image_processing (1.11.0)
      mini_magick (>= 4.9.5, < 5)
      ruby-vips (>= 2.0.17, < 3)
    jbuilder (2.10.0)
      activesupport (>= 5.0.0)
    jwt (2.2.1)
    kaminari (1.2.1)
      activesupport (>= 4.1.0)
      kaminari-actionview (= 1.2.1)
      kaminari-activerecord (= 1.2.1)
      kaminari-core (= 1.2.1)
    kaminari-actionview (1.2.1)
      actionview
      kaminari-core (= 1.2.1)
    kaminari-activerecord (1.2.1)
      activerecord
      kaminari-core (= 1.2.1)
    kaminari-core (1.2.1)
    kramdown (2.2.1)
      rexml
    listen (3.2.1)
      rb-fsevent (~> 0.10, >= 0.10.3)
      rb-inotify (~> 0.9, >= 0.9.10)
    loofah (2.6.0)
      crass (~> 1.0.2)
      nokogiri (>= 1.5.9)
    mail (2.7.1)
      mini_mime (>= 0.1.1)
    marcel (0.3.3)
      mimemagic (~> 0.3.2)
    method_source (1.0.0)
    mime-types (3.3.1)
      mime-types-data (~> 3.2015)
    mime-types-data (3.2020.0512)
    mimemagic (0.3.5)
    mini_magick (4.10.1)
    mini_mime (1.0.2)
    mini_portile2 (2.4.0)
    minitest (5.14.1)
    monetize (1.9.4)
      money (~> 6.12)
    money (6.13.8)
      i18n (>= 0.6.4, <= 2)
    money-rails (1.13.3)
      activesupport (>= 3.0)
      monetize (~> 1.9.0)
      money (~> 6.13.2)
      railties (>= 3.0)
    msgpack (1.3.3)
    multi_json (1.14.1)
    multi_xml (0.6.0)
    multipart-post (2.1.1)
    netrc (0.11.0)
    nio4r (2.5.2)
    nokogiri (1.10.9)
      mini_portile2 (~> 2.4.0)
    oauth2 (1.4.4)
      faraday (>= 0.8, < 2.0)
      jwt (>= 1.0, < 3.0)
      multi_json (~> 1.3)
      multi_xml (~> 0.5)
      rack (>= 1.2, < 3)
    octokit (4.18.0)
      faraday (>= 0.9)
      sawyer (~> 0.8.0, >= 0.5.3)
    omniauth (1.9.1)
      hashie (>= 3.4.6)
      rack (>= 1.6.2, < 3)
    omniauth-github (1.4.0)
      omniauth (~> 1.5)
      omniauth-oauth2 (>= 1.4.0, < 2.0)
    omniauth-oauth2 (1.6.0)
      oauth2 (~> 1.1)
      omniauth (~> 1.9)
    paypal-sdk-core (0.3.4)
      multi_json (~> 1.0)
      xml-simple
    paypal-sdk-rest (1.7.4)
      multi_json (~> 1.0)
      xml-simple
    pdf-core (0.7.0)
    pg (1.2.3)
    prawn (2.2.2)
      pdf-core (~> 0.7.0)
      ttfunk (~> 1.5)
    prawn-table (0.2.2)
      prawn (>= 1.3.0, < 3.0.0)
    pry (0.13.1)
      coderay (~> 1.1)
      method_source (~> 1.0)
    pry-rails (0.3.9)
      pry (>= 0.10.4)
    pry-stack_explorer (0.5.1)
      binding_of_caller (~> 0.7)
      pry (~> 0.13)
    public_suffix (4.0.5)
    puma (4.3.5)
      nio4r (~> 2.0)
    rack (2.2.3)
    rack-protection (2.0.8.1)
      rack
    rack-proxy (0.6.5)
      rack
    rack-test (1.1.0)
      rack (>= 1.0, < 3)
    rails (6.0.3.2)
      actioncable (= 6.0.3.2)
      actionmailbox (= 6.0.3.2)
      actionmailer (= 6.0.3.2)
      actionpack (= 6.0.3.2)
      actiontext (= 6.0.3.2)
      actionview (= 6.0.3.2)
      activejob (= 6.0.3.2)
      activemodel (= 6.0.3.2)
      activerecord (= 6.0.3.2)
      activestorage (= 6.0.3.2)
      activesupport (= 6.0.3.2)
      bundler (>= 1.3.0)
      railties (= 6.0.3.2)
      sprockets-rails (>= 2.0.0)
    rails-dom-testing (2.0.3)
      activesupport (>= 4.2.0)
      nokogiri (>= 1.6)
    rails-html-sanitizer (1.3.0)
      loofah (~> 2.3)
    railties (6.0.3.2)
      actionpack (= 6.0.3.2)
      activesupport (= 6.0.3.2)
      method_source
      rake (>= 0.8.7)
      thor (>= 0.20.3, < 2.0)
    rake (13.0.1)
    rb-fsevent (0.10.4)
    rb-inotify (0.10.1)
      ffi (~> 1.0)
    redis (4.2.1)
    regexp_parser (1.7.1)
    rest-client (2.1.0)
      http-accept (>= 1.7.0, < 2.0)
      http-cookie (>= 1.0.2, < 2.0)
      mime-types (>= 1.16, < 4.0)
      netrc (~> 0.8)
    rexml (3.2.4)
    roo (2.8.3)
      nokogiri (~> 1)
      rubyzip (>= 1.3.0, < 3.0.0)
    roo-xls (1.2.0)
      nokogiri
      roo (>= 2.0.0, < 3)
      spreadsheet (> 0.9.0)
    rqrcode (1.1.2)
      chunky_png (~> 1.0)
      rqrcode_core (~> 0.1)
    rqrcode_core (0.1.2)
    ruby-ole (1.2.12.2)
    ruby-vips (2.0.17)
      ffi (~> 1.9)
    rubyzip (2.3.0)
    rucaptcha (2.5.3)
      railties (>= 3.2)
    sawyer (0.8.2)
      addressable (>= 2.3.5)
      faraday (> 0.8, < 2.0)
    selenium-webdriver (3.142.7)
      childprocess (>= 0.5, < 4.0)
      rubyzip (>= 1.2.2)
    semantic_range (2.3.0)
    sidekiq (6.0.7)
      connection_pool (>= 2.2.2)
      rack (~> 2.0)
      rack-protection (>= 2.0.0)
      redis (>= 4.1.0)
    spreadsheet (1.2.6)
      ruby-ole (>= 1.0)
    spring (2.1.0)
    spring-watcher-listen (2.0.1)
      listen (>= 2.7, < 4.0)
      spring (>= 1.2, < 3.0)
    sprockets (4.0.2)
      concurrent-ruby (~> 1.0)
      rack (> 1, < 3)
    sprockets-rails (3.2.1)
      actionpack (>= 4.0)
      activesupport (>= 4.0)
      sprockets (>= 3.0.0)
    thor (1.0.1)
    thread_safe (0.3.6)
    timers (4.3.0)
    ttfunk (1.6.2.1)
    turbolinks (5.2.1)
      turbolinks-source (~> 5.2)
    turbolinks-source (5.2.0)
    tzinfo (1.2.7)
      thread_safe (~> 0.1)
    unf (0.1.4)
      unf_ext
    unf_ext (0.0.7.7)
    upyun (1.0.9)
      activesupport (>= 3.2.8)
      rest-client (>= 1.6.7)
    web-console (4.0.3)
      actionview (>= 6.0.0)
      activemodel (>= 6.0.0)
      bindex (>= 0.4.0)
      railties (>= 6.0.0)
    webpacker (5.1.1)
      activesupport (>= 5.2)
      rack-proxy (>= 0.6.1)
      railties (>= 5.2)
      semantic_range (>= 2.3.0)
    websocket-driver (0.7.2)
      websocket-extensions (>= 0.1.0)
    websocket-extensions (0.1.5)
    with_advisory_lock (4.6.0)
      activerecord (>= 4.2)
    write_xlsx (0.83.0)
      rubyzip (>= 1.0.0)
      zip-zip
    xml-simple (1.1.5)
    xpath (3.2.0)
      nokogiri (~> 1.8)
    zeitwerk (2.3.0)
    zip-zip (0.3)
      rubyzip (>= 1.0.0)

PLATFORMS
  ruby

DEPENDENCIES
  activestorage_upyun!
  acts_as_list
  alipay2!
  amazing_print
  bcrypt
  bootsnap (>= 1.1.0)
  byebug
  capybara
  closure_tree!
  dalli
  default_form!
  default_where!
  factory_bot_rails
  image_processing
  jbuilder
  kaminari
  kramdown
  listen
  octokit
  omniauth-github
  omniauth-wechat-oauth2!
  paypal-sdk-core
  paypal-sdk-rest
  pg
  pry-rails
  pry-stack_explorer
  puma
  rails
  rails_agency!
  rails_attend!
  rails_audit!
  rails_auth!
  rails_bench!
  rails_com!
  rails_crm!
  rails_data!
  rails_detail!
  rails_event!
  rails_factory!
  rails_finance!
  rails_growth!
  rails_interact!
  rails_log!
  rails_notice!
  rails_org!
  rails_profile!
  rails_quip!
  rails_role!
  rails_ship!
  rails_taxon!
  rails_trade!
  rails_vip!
  rails_wait!
  rails_wechat!
  redis
  rqrcode
  rucaptcha
  selenium-webdriver
  sidekiq
  spring
  spring-watcher-listen (~> 2.0.0)
  turbolinks
  web-console
  webpacker
  wx_pay!

BUNDLED WITH
   2.1.4
